
Microsoft Visual Studio Solution File, Format Version 12.00
# Visual Studio Version 16
VisualStudioVersion = 16.0.30114.105
MinimumVisualStudioVersion = 10.0.40219.1
Project("{FAE04EC0-301F-11D3-BF4B-00C04F79EFBC}") = "EZTicket", "EZTicket\EZTicket.csproj", "{8E8DBA1C-4D5C-4AEE-B491-20AB93B451FD}"
EndProject
Global
	GlobalSection(SolutionConfigurationPlatforms) = preSolution
		Debug|Any CPU = Debug|Any CPU
		Release|Any CPU = Release|Any CPU
	EndGlobalSection
	GlobalSection(ProjectConfigurationPlatforms) = postSolution
		{8E8DBA1C-4D5C-4AEE-B491-20AB93B451FD}.Debug|Any CPU.ActiveCfg = Debug|Any CPU
		{8E8DBA1C-4D5C-4AEE-B491-20AB93B451FD}.Debug|Any CPU.Build.0 = Debug|Any CPU
		{8E8DBA1C-4D5C-4AEE-B491-20AB93B451FD}.Release|Any CPU.ActiveCfg = Release|Any CPU
		{8E8DBA1C-4D5C-4AEE-B491-20AB93B451FD}.Release|Any CPU.Build.0 = Release|Any CPU
	EndGlobalSection
	GlobalSection(SolutionProperties) = preSolution
		HideSolutionNode = FALSE
	EndGlobalSection
	GlobalSection(ExtensibilityGlobals) = postSolution
		SolutionGuid = {A2C5082E-F9CC-4B00-A2E2-1458BA1F3CB9}
	EndGlobalSection
EndGlobal
